lockfileVersion: '9.0'

settings:
  autoInstallPeers: true
  excludeLinksFromLockfile: false

importers:

  .:
    devDependencies:
      '@biomejs/biome':
        specifier: 1.9.4
        version: 1.9.4
      '@rollup/plugin-commonjs':
        specifier: ^28.0.2
        version: 28.0.2(rollup@4.34.6)
      rollup:
        specifier: ^4.34.6
        version: 4.34.6
      rollup-plugin-typescript2:
        specifier: ^0.36.0
        version: 0.36.0(rollup@4.34.6)(typescript@5.7.3)

  packages/react:
    dependencies:
      shared:
        specifier: workspace:*
        version: link:../shared

  packages/shared: {}

packages:

  '@biomejs/biome@1.9.4':
    resolution: {integrity: sha1-iXZigcvDoKroZaf/E9aq/+ooQr8=, tarball: http://r.npm.sankuai.com/@biomejs/biome/download/@biomejs/biome-1.9.4.tgz}
    engines: {node: '>=14.21.3'}
    hasBin: true

  '@biomejs/cli-darwin-arm64@1.9.4':
    resolution: {integrity: sha1-36N20jpUotjxcTPJLyPBvy5iUJ8=, tarball: http://r.npm.sankuai.com/@biomejs/cli-darwin-arm64/download/@biomejs/cli-darwin-arm64-1.9.4.tgz}
    engines: {node: '>=14.21.3'}
    cpu: [arm64]
    os: [darwin]

  '@biomejs/cli-darwin-x64@1.9.4':
    resolution: {integrity: sha1-6vws44SdOF/AIjiq0cpKczlaZNk=, tarball: http://r.npm.sankuai.com/@biomejs/cli-darwin-x64/download/@biomejs/cli-darwin-x64-1.9.4.tgz}
    engines: {node: '>=14.21.3'}
    cpu: [x64]
    os: [darwin]

  '@biomejs/cli-linux-arm64-musl@1.9.4':
    resolution: {integrity: sha1-14DD4BdY/JDzJoNX4/GRY9H4T8o=, tarball: http://r.npm.sankuai.com/@biomejs/cli-linux-arm64-musl/download/@biomejs/cli-linux-arm64-musl-1.9.4.tgz}
    engines: {node: '>=14.21.3'}
    cpu: [arm64]
    os: [linux]
    libc: [musl]

  '@biomejs/cli-linux-arm64@1.9.4':
    resolution: {integrity: sha1-jtHdDolBmktmpH+VrvuMRq5gQck=, tarball: http://r.npm.sankuai.com/@biomejs/cli-linux-arm64/download/@biomejs/cli-linux-arm64-1.9.4.tgz}
    engines: {node: '>=14.21.3'}
    cpu: [arm64]
    os: [linux]
    libc: [glibc]

  '@biomejs/cli-linux-x64-musl@1.9.4':
    resolution: {integrity: sha1-82mCuWa9Zxo2Zx4d5EF5Y9fbFfs=, tarball: http://r.npm.sankuai.com/@biomejs/cli-linux-x64-musl/download/@biomejs/cli-linux-x64-musl-1.9.4.tgz}
    engines: {node: '>=14.21.3'}
    cpu: [x64]
    os: [linux]
    libc: [musl]

  '@biomejs/cli-linux-x64@1.9.4':
    resolution: {integrity: sha1-oKf1ZoDHa4A03cFJ2/OYvdOkYug=, tarball: http://r.npm.sankuai.com/@biomejs/cli-linux-x64/download/@biomejs/cli-linux-x64-1.9.4.tgz}
    engines: {node: '>=14.21.3'}
    cpu: [x64]
    os: [linux]
    libc: [glibc]

  '@biomejs/cli-win32-arm64@1.9.4':
    resolution: {integrity: sha1-4u9OAITna34m8PyIfF7xJl6lYgA=, tarball: http://r.npm.sankuai.com/@biomejs/cli-win32-arm64/download/@biomejs/cli-win32-arm64-1.9.4.tgz}
    engines: {node: '>=14.21.3'}
    cpu: [arm64]
    os: [win32]

  '@biomejs/cli-win32-x64@1.9.4':
    resolution: {integrity: sha1-THr6kOOXAhNZm0CV5i+H5ZcrI0A=, tarball: http://r.npm.sankuai.com/@biomejs/cli-win32-x64/download/@biomejs/cli-win32-x64-1.9.4.tgz}
    engines: {node: '>=14.21.3'}
    cpu: [x64]
    os: [win32]

  '@jridgewell/sourcemap-codec@1.5.0':
    resolution: {integrity: sha1-MYi8snOkFLDSFf0ipYVAuYm5QJo=, tarball: http://r.npm.sankuai.com/@jridgewell/sourcemap-codec/download/@jridgewell/sourcemap-codec-1.5.0.tgz}

  '@rollup/plugin-commonjs@28.0.2':
    resolution: {integrity: sha1-GT16hkcPEStWknwdgh7kWVGoGeo=, tarball: http://r.npm.sankuai.com/@rollup/plugin-commonjs/download/@rollup/plugin-commonjs-28.0.2.tgz}
    engines: {node: '>=16.0.0 || 14 >= 14.17'}
    peerDependencies:
      rollup: ^2.68.0||^3.0.0||^4.0.0
    peerDependenciesMeta:
      rollup:
        optional: true

  '@rollup/pluginutils@4.2.1':
    resolution: {integrity: sha1-5sbDq6B0Ttzj+yB0ki03dsCvKm0=, tarball: http://r.npm.sankuai.com/@rollup/pluginutils/download/@rollup/pluginutils-4.2.1.tgz}
    engines: {node: '>= 8.0.0'}

  '@rollup/pluginutils@5.1.4':
    resolution: {integrity: sha1-u5Tx+eqqyUTaI3dnzf7mxbImLUo=, tarball: http://r.npm.sankuai.com/@rollup/pluginutils/download/@rollup/pluginutils-5.1.4.tgz}
    engines: {node: '>=14.0.0'}
    peerDependencies:
      rollup: ^1.20.0||^2.0.0||^3.0.0||^4.0.0
    peerDependenciesMeta:
      rollup:
        optional: true

  '@rollup/rollup-android-arm-eabi@4.34.6':
    resolution: {integrity: sha1-m3JrTcr7kzKZHpyknVS6/HHZ2H8=, tarball: http://r.npm.sankuai.com/@rollup/rollup-android-arm-eabi/download/@rollup/rollup-android-arm-eabi-4.34.6.tgz}
    cpu: [arm]
    os: [android]

  '@rollup/rollup-android-arm64@4.34.6':
    resolution: {integrity: sha1-iDJv9GFopHhRB3ygvwxEJonsCI8=, tarball: http://r.npm.sankuai.com/@rollup/rollup-android-arm64/download/@rollup/rollup-android-arm64-4.34.6.tgz}
    cpu: [arm64]
    os: [android]

  '@rollup/rollup-darwin-arm64@4.34.6':
    resolution: {integrity: sha1-uPvMk4m8b60zNKHRbb6qpWN8V3I=, tarball: http://r.npm.sankuai.com/@rollup/rollup-darwin-arm64/download/@rollup/rollup-darwin-arm64-4.34.6.tgz}
    cpu: [arm64]
    os: [darwin]

  '@rollup/rollup-darwin-x64@4.34.6':
    resolution: {integrity: sha1-GqK8rYTA+1kC6UXYiCLhek9mHVE=, tarball: http://r.npm.sankuai.com/@rollup/rollup-darwin-x64/download/@rollup/rollup-darwin-x64-4.34.6.tgz}
    cpu: [x64]
    os: [darwin]

  '@rollup/rollup-freebsd-arm64@4.34.6':
    resolution: {integrity: sha1-KcVGF+CSkmTctkFll9bXSBaW5J8=, tarball: http://r.npm.sankuai.com/@rollup/rollup-freebsd-arm64/download/@rollup/rollup-freebsd-arm64-4.34.6.tgz}
    cpu: [arm64]
    os: [freebsd]

  '@rollup/rollup-freebsd-x64@4.34.6':
    resolution: {integrity: sha1-qLWKt9MYglWdk/LRtYY9nktLJng=, tarball: http://r.npm.sankuai.com/@rollup/rollup-freebsd-x64/download/@rollup/rollup-freebsd-x64-4.34.6.tgz}
    cpu: [x64]
    os: [freebsd]

  '@rollup/rollup-linux-arm-gnueabihf@4.34.6':
    resolution: {integrity: sha1-qEThl4yLl2axaeyxy1zA2KPwWTA=, tarball: http://r.npm.sankuai.com/@rollup/rollup-linux-arm-gnueabihf/download/@rollup/rollup-linux-arm-gnueabihf-4.34.6.tgz}
    cpu: [arm]
    os: [linux]
    libc: [glibc]

  '@rollup/rollup-linux-arm-musleabihf@4.34.6':
    resolution: {integrity: sha1-a0TDtyV5hdcbCH/LTvATJeL/8gE=, tarball: http://r.npm.sankuai.com/@rollup/rollup-linux-arm-musleabihf/download/@rollup/rollup-linux-arm-musleabihf-4.34.6.tgz}
    cpu: [arm]
    os: [linux]
    libc: [musl]

  '@rollup/rollup-linux-arm64-gnu@4.34.6':
    resolution: {integrity: sha1-67SZzxcgEVJW0MmudZjJDMIlG8U=, tarball: http://r.npm.sankuai.com/@rollup/rollup-linux-arm64-gnu/download/@rollup/rollup-linux-arm64-gnu-4.34.6.tgz}
    cpu: [arm64]
    os: [linux]
    libc: [glibc]

  '@rollup/rollup-linux-arm64-musl@4.34.6':
    resolution: {integrity: sha1-llgiG1nZ5WQzSPmlL6XvNbTcB7E=, tarball: http://r.npm.sankuai.com/@rollup/rollup-linux-arm64-musl/download/@rollup/rollup-linux-arm64-musl-4.34.6.tgz}
    cpu: [arm64]
    os: [linux]
    libc: [musl]

  '@rollup/rollup-linux-loongarch64-gnu@4.34.6':
    resolution: {integrity: sha1-GUGMxXV5pWVa8thQqJ10s/fpqpI=, tarball: http://r.npm.sankuai.com/@rollup/rollup-linux-loongarch64-gnu/download/@rollup/rollup-linux-loongarch64-gnu-4.34.6.tgz}
    cpu: [loong64]
    os: [linux]
    libc: [glibc]

  '@rollup/rollup-linux-powerpc64le-gnu@4.34.6':
    resolution: {integrity: sha1-/gvOd3jLbOhomMeB8/ETadGklSw=, tarball: http://r.npm.sankuai.com/@rollup/rollup-linux-powerpc64le-gnu/download/@rollup/rollup-linux-powerpc64le-gnu-4.34.6.tgz}
    cpu: [ppc64]
    os: [linux]
    libc: [glibc]

  '@rollup/rollup-linux-riscv64-gnu@4.34.6':
    resolution: {integrity: sha1-nBWDYKv25vd5QoVkK6CJjFgCkfY=, tarball: http://r.npm.sankuai.com/@rollup/rollup-linux-riscv64-gnu/download/@rollup/rollup-linux-riscv64-gnu-4.34.6.tgz}
    cpu: [riscv64]
    os: [linux]
    libc: [glibc]

  '@rollup/rollup-linux-s390x-gnu@4.34.6':
    resolution: {integrity: sha1-+RE0mNIpYrqs3aAItVh9VosFqjQ=, tarball: http://r.npm.sankuai.com/@rollup/rollup-linux-s390x-gnu/download/@rollup/rollup-linux-s390x-gnu-4.34.6.tgz}
    cpu: [s390x]
    os: [linux]
    libc: [glibc]

  '@rollup/rollup-linux-x64-gnu@4.34.6':
    resolution: {integrity: sha1-rsjUzfkRzYaacri9AIM8tCZmTgw=, tarball: http://r.npm.sankuai.com/@rollup/rollup-linux-x64-gnu/download/@rollup/rollup-linux-x64-gnu-4.34.6.tgz}
    cpu: [x64]
    os: [linux]
    libc: [glibc]

  '@rollup/rollup-linux-x64-musl@4.34.6':
    resolution: {integrity: sha1-YcChRr3RteDc2jNpDdkJsyHY8g8=, tarball: http://r.npm.sankuai.com/@rollup/rollup-linux-x64-musl/download/@rollup/rollup-linux-x64-musl-4.34.6.tgz}
    cpu: [x64]
    os: [linux]
    libc: [musl]

  '@rollup/rollup-win32-arm64-msvc@4.34.6':
    resolution: {integrity: sha1-xsW/KQo6RZwYhxEQvC5wCc41sVo=, tarball: http://r.npm.sankuai.com/@rollup/rollup-win32-arm64-msvc/download/@rollup/rollup-win32-arm64-msvc-4.34.6.tgz}
    cpu: [arm64]
    os: [win32]

  '@rollup/rollup-win32-ia32-msvc@4.34.6':
    resolution: {integrity: sha1-Fspr2tyeBUgYucUfjayC9rivq4E=, tarball: http://r.npm.sankuai.com/@rollup/rollup-win32-ia32-msvc/download/@rollup/rollup-win32-ia32-msvc-4.34.6.tgz}
    cpu: [ia32]
    os: [win32]

  '@rollup/rollup-win32-x64-msvc@4.34.6':
    resolution: {integrity: sha1-89A84tgnI+sIkYjqFJSnGbCeFWE=, tarball: http://r.npm.sankuai.com/@rollup/rollup-win32-x64-msvc/download/@rollup/rollup-win32-x64-msvc-4.34.6.tgz}
    cpu: [x64]
    os: [win32]

  '@types/estree@1.0.6':
    resolution: {integrity: sha1-Yo7/7q4gZKG055946B2Ht+X8e1A=, tarball: http://r.npm.sankuai.com/@types/estree/download/@types/estree-1.0.6.tgz}

  commondir@1.0.1:
    resolution: {integrity: sha1-3dgA2gxmEnOTzKWVDqloo6rxJTs=, tarball: http://r.npm.sankuai.com/commondir/download/commondir-1.0.1.tgz}

  estree-walker@2.0.2:
    resolution: {integrity: sha1-UvAQF4wqTBF6d1fP6UKtt9LaTKw=, tarball: http://r.npm.sankuai.com/estree-walker/download/estree-walker-2.0.2.tgz}

  fdir@6.4.2:
    resolution: {integrity: sha1-3ap84YMbFhvDZXu5nLNuFiJwJok=, tarball: http://r.npm.sankuai.com/fdir/download/fdir-6.4.2.tgz}
    peerDependencies:
      picomatch: ^3 || ^4
    peerDependenciesMeta:
      picomatch:
        optional: true

  find-cache-dir@3.3.2:
    resolution: {integrity: sha1-swxbbv8HMHMa6pu9nb7L2AJW1ks=, tarball: http://r.npm.sankuai.com/find-cache-dir/download/find-cache-dir-3.3.2.tgz}
    engines: {node: '>=8'}

  find-up@4.1.0:
    resolution: {integrity: sha1-l6/n1s3AvFkoWEt8jXsW6KmqXRk=, tarball: http://r.npm.sankuai.com/find-up/download/find-up-4.1.0.tgz}
    engines: {node: '>=8'}

  fs-extra@10.1.0:
    resolution: {integrity: sha1-Aoc8+8QITd4SfqpfmQXu8jJdGr8=, tarball: http://r.npm.sankuai.com/fs-extra/download/fs-extra-10.1.0.tgz}
    engines: {node: '>=12'}

  fsevents@2.3.3:
    resolution: {integrity: sha1-ysZAd4XQNnWipeGlMFxpezR9kNY=, tarball: http://r.npm.sankuai.com/fsevents/download/fsevents-2.3.3.tgz}
    engines: {node: ^8.16.0 || ^10.6.0 || >=11.0.0}
    os: [darwin]

  graceful-fs@4.2.11:
    resolution: {integrity: sha1-QYPk6L8Iu24Fu7L30uDI9xLKQOM=, tarball: http://r.npm.sankuai.com/graceful-fs/download/graceful-fs-4.2.11.tgz}

  is-reference@1.2.1:
    resolution: {integrity: sha1-iy2sCzcfS8mU/eq6nrVC0DAC0Lc=, tarball: http://r.npm.sankuai.com/is-reference/download/is-reference-1.2.1.tgz}

  jsonfile@6.1.0:
    resolution: {integrity: sha1-vFWyY0eTxnnsZAMJTrE2mKbsCq4=, tarball: http://r.npm.sankuai.com/jsonfile/download/jsonfile-6.1.0.tgz}

  locate-path@5.0.0:
    resolution: {integrity: sha1-Gvujlq/WdqbUJQTQpno6frn2KqA=, tarball: http://r.npm.sankuai.com/locate-path/download/locate-path-5.0.0.tgz}
    engines: {node: '>=8'}

  magic-string@0.30.17:
    resolution: {integrity: sha1-RQpElnPSRg5bvPupphkWoXFMdFM=, tarball: http://r.npm.sankuai.com/magic-string/download/magic-string-0.30.17.tgz}

  make-dir@3.1.0:
    resolution: {integrity: sha1-QV6WcEazp/HRhSd9hKpYIDcmoT8=, tarball: http://r.npm.sankuai.com/make-dir/download/make-dir-3.1.0.tgz}
    engines: {node: '>=8'}

  p-limit@2.3.0:
    resolution: {integrity: sha1-PdM8ZHohT9//2DWTPrCG2g3CHbE=, tarball: http://r.npm.sankuai.com/p-limit/download/p-limit-2.3.0.tgz}
    engines: {node: '>=6'}

  p-locate@4.1.0:
    resolution: {integrity: sha1-o0KLtwiLOmApL2aRkni3wpetTwc=, tarball: http://r.npm.sankuai.com/p-locate/download/p-locate-4.1.0.tgz}
    engines: {node: '>=8'}

  p-try@2.2.0:
    resolution: {integrity: sha1-yyhoVA4xPWHeWPr741zpAE1VQOY=, tarball: http://r.npm.sankuai.com/p-try/download/p-try-2.2.0.tgz}
    engines: {node: '>=6'}

  path-exists@4.0.0:
    resolution: {integrity: sha1-UTvb4tO5XXdi6METfvoZXGxhtbM=, tarball: http://r.npm.sankuai.com/path-exists/download/path-exists-4.0.0.tgz}
    engines: {node: '>=8'}

  picomatch@2.3.1:
    resolution: {integrity: sha1-O6ODNzNkbZ0+SZWUbBNlpn+wekI=, tarball: http://r.npm.sankuai.com/picomatch/download/picomatch-2.3.1.tgz}
    engines: {node: '>=8.6'}

  picomatch@4.0.2:
    resolution: {integrity: sha1-d8dCkx6PO4gglGx2zQwfE3MNHas=, tarball: http://r.npm.sankuai.com/picomatch/download/picomatch-4.0.2.tgz}
    engines: {node: '>=12'}

  pkg-dir@4.2.0:
    resolution: {integrity: sha1-8JkTPfft5CLoHR2ESCcO6z5CYfM=, tarball: http://r.npm.sankuai.com/pkg-dir/download/pkg-dir-4.2.0.tgz}
    engines: {node: '>=8'}

  rollup-plugin-typescript2@0.36.0:
    resolution: {integrity: sha1-MJVk63DXEEEvWQE0TKkgReGA7VM=, tarball: http://r.npm.sankuai.com/rollup-plugin-typescript2/download/rollup-plugin-typescript2-0.36.0.tgz}
    peerDependencies:
      rollup: '>=1.26.3'
      typescript: '>=2.4.0'

  rollup@4.34.6:
    resolution: {integrity: sha1-oH5NJiF1nikDTZCWVeejLu6Rlck=, tarball: http://r.npm.sankuai.com/rollup/download/rollup-4.34.6.tgz}
    engines: {node: '>=18.0.0', npm: '>=8.0.0'}
    hasBin: true

  semver@6.3.1:
    resolution: {integrity: sha1-VW0u+GiRRuRtzqS/3QlfNDTf/LQ=, tarball: http://r.npm.sankuai.com/semver/download/semver-6.3.1.tgz}
    hasBin: true

  semver@7.7.1:
    resolution: {integrity: sha1-q9UJjYKxjGyB9gdP8mR/0+ciDJ8=, tarball: http://r.npm.sankuai.com/semver/download/semver-7.7.1.tgz}
    engines: {node: '>=10'}
    hasBin: true

  tslib@2.8.1:
    resolution: {integrity: sha1-YS7+TtI11Wfoq6Xypfq3AoCt6D8=, tarball: http://r.npm.sankuai.com/tslib/download/tslib-2.8.1.tgz}

  typescript@5.7.3:
    resolution: {integrity: sha1-kZtEp9u4WDqbhW0WK+JKVL+ABz4=, tarball: http://r.npm.sankuai.com/typescript/download/typescript-5.7.3.tgz}
    engines: {node: '>=14.17'}
    hasBin: true

  universalify@2.0.1:
    resolution: {integrity: sha1-Fo78IYCWTmOG0GHglN9hr+I5sY0=, tarball: http://r.npm.sankuai.com/universalify/download/universalify-2.0.1.tgz}
    engines: {node: '>= 10.0.0'}

snapshots:

  '@biomejs/biome@1.9.4':
    optionalDependencies:
      '@biomejs/cli-darwin-arm64': 1.9.4
      '@biomejs/cli-darwin-x64': 1.9.4
      '@biomejs/cli-linux-arm64': 1.9.4
      '@biomejs/cli-linux-arm64-musl': 1.9.4
      '@biomejs/cli-linux-x64': 1.9.4
      '@biomejs/cli-linux-x64-musl': 1.9.4
      '@biomejs/cli-win32-arm64': 1.9.4
      '@biomejs/cli-win32-x64': 1.9.4

  '@biomejs/cli-darwin-arm64@1.9.4':
    optional: true

  '@biomejs/cli-darwin-x64@1.9.4':
    optional: true

  '@biomejs/cli-linux-arm64-musl@1.9.4':
    optional: true

  '@biomejs/cli-linux-arm64@1.9.4':
    optional: true

  '@biomejs/cli-linux-x64-musl@1.9.4':
    optional: true

  '@biomejs/cli-linux-x64@1.9.4':
    optional: true

  '@biomejs/cli-win32-arm64@1.9.4':
    optional: true

  '@biomejs/cli-win32-x64@1.9.4':
    optional: true

  '@jridgewell/sourcemap-codec@1.5.0': {}

  '@rollup/plugin-commonjs@28.0.2(rollup@4.34.6)':
    dependencies:
      '@rollup/pluginutils': 5.1.4(rollup@4.34.6)
      commondir: 1.0.1
      estree-walker: 2.0.2
      fdir: 6.4.2(picomatch@4.0.2)
      is-reference: 1.2.1
      magic-string: 0.30.17
      picomatch: 4.0.2
    optionalDependencies:
      rollup: 4.34.6

  '@rollup/pluginutils@4.2.1':
    dependencies:
      estree-walker: 2.0.2
      picomatch: 2.3.1

  '@rollup/pluginutils@5.1.4(rollup@4.34.6)':
    dependencies:
      '@types/estree': 1.0.6
      estree-walker: 2.0.2
      picomatch: 4.0.2
    optionalDependencies:
      rollup: 4.34.6

  '@rollup/rollup-android-arm-eabi@4.34.6':
    optional: true

  '@rollup/rollup-android-arm64@4.34.6':
    optional: true

  '@rollup/rollup-darwin-arm64@4.34.6':
    optional: true

  '@rollup/rollup-darwin-x64@4.34.6':
    optional: true

  '@rollup/rollup-freebsd-arm64@4.34.6':
    optional: true

  '@rollup/rollup-freebsd-x64@4.34.6':
    optional: true

  '@rollup/rollup-linux-arm-gnueabihf@4.34.6':
    optional: true

  '@rollup/rollup-linux-arm-musleabihf@4.34.6':
    optional: true

  '@rollup/rollup-linux-arm64-gnu@4.34.6':
    optional: true

  '@rollup/rollup-linux-arm64-musl@4.34.6':
    optional: true

  '@rollup/rollup-linux-loongarch64-gnu@4.34.6':
    optional: true

  '@rollup/rollup-linux-powerpc64le-gnu@4.34.6':
    optional: true

  '@rollup/rollup-linux-riscv64-gnu@4.34.6':
    optional: true

  '@rollup/rollup-linux-s390x-gnu@4.34.6':
    optional: true

  '@rollup/rollup-linux-x64-gnu@4.34.6':
    optional: true

  '@rollup/rollup-linux-x64-musl@4.34.6':
    optional: true

  '@rollup/rollup-win32-arm64-msvc@4.34.6':
    optional: true

  '@rollup/rollup-win32-ia32-msvc@4.34.6':
    optional: true

  '@rollup/rollup-win32-x64-msvc@4.34.6':
    optional: true

  '@types/estree@1.0.6': {}

  commondir@1.0.1: {}

  estree-walker@2.0.2: {}

  fdir@6.4.2(picomatch@4.0.2):
    optionalDependencies:
      picomatch: 4.0.2

  find-cache-dir@3.3.2:
    dependencies:
      commondir: 1.0.1
      make-dir: 3.1.0
      pkg-dir: 4.2.0

  find-up@4.1.0:
    dependencies:
      locate-path: 5.0.0
      path-exists: 4.0.0

  fs-extra@10.1.0:
    dependencies:
      graceful-fs: 4.2.11
      jsonfile: 6.1.0
      universalify: 2.0.1

  fsevents@2.3.3:
    optional: true

  graceful-fs@4.2.11: {}

  is-reference@1.2.1:
    dependencies:
      '@types/estree': 1.0.6

  jsonfile@6.1.0:
    dependencies:
      universalify: 2.0.1
    optionalDependencies:
      graceful-fs: 4.2.11

  locate-path@5.0.0:
    dependencies:
      p-locate: 4.1.0

  magic-string@0.30.17:
    dependencies:
      '@jridgewell/sourcemap-codec': 1.5.0

  make-dir@3.1.0:
    dependencies:
      semver: 6.3.1

  p-limit@2.3.0:
    dependencies:
      p-try: 2.2.0

  p-locate@4.1.0:
    dependencies:
      p-limit: 2.3.0

  p-try@2.2.0: {}

  path-exists@4.0.0: {}

  picomatch@2.3.1: {}

  picomatch@4.0.2: {}

  pkg-dir@4.2.0:
    dependencies:
      find-up: 4.1.0

  rollup-plugin-typescript2@0.36.0(rollup@4.34.6)(typescript@5.7.3):
    dependencies:
      '@rollup/pluginutils': 4.2.1
      find-cache-dir: 3.3.2
      fs-extra: 10.1.0
      rollup: 4.34.6
      semver: 7.7.1
      tslib: 2.8.1
      typescript: 5.7.3

  rollup@4.34.6:
    dependencies:
      '@types/estree': 1.0.6
    optionalDependencies:
      '@rollup/rollup-android-arm-eabi': 4.34.6
      '@rollup/rollup-android-arm64': 4.34.6
      '@rollup/rollup-darwin-arm64': 4.34.6
      '@rollup/rollup-darwin-x64': 4.34.6
      '@rollup/rollup-freebsd-arm64': 4.34.6
      '@rollup/rollup-freebsd-x64': 4.34.6
      '@rollup/rollup-linux-arm-gnueabihf': 4.34.6
      '@rollup/rollup-linux-arm-musleabihf': 4.34.6
      '@rollup/rollup-linux-arm64-gnu': 4.34.6
      '@rollup/rollup-linux-arm64-musl': 4.34.6
      '@rollup/rollup-linux-loongarch64-gnu': 4.34.6
      '@rollup/rollup-linux-powerpc64le-gnu': 4.34.6
      '@rollup/rollup-linux-riscv64-gnu': 4.34.6
      '@rollup/rollup-linux-s390x-gnu': 4.34.6
      '@rollup/rollup-linux-x64-gnu': 4.34.6
      '@rollup/rollup-linux-x64-musl': 4.34.6
      '@rollup/rollup-win32-arm64-msvc': 4.34.6
      '@rollup/rollup-win32-ia32-msvc': 4.34.6
      '@rollup/rollup-win32-x64-msvc': 4.34.6
      fsevents: 2.3.3

  semver@6.3.1: {}

  semver@7.7.1: {}

  tslib@2.8.1: {}

  typescript@5.7.3: {}

  universalify@2.0.1: {}
